
Microsoft Visual Studio Solution File, Format Version 12.00
# Visual Studio Version 17
VisualStudioVersion = 17.2.32616.157
MinimumVisualStudioVersion = 10.0.40219.1
Project("{FAE04EC0-301F-11D3-BF4B-00C04F79EFBC}") = "MultipleViewPartial", "MultipleViewPartial\MultipleViewPartial.csproj", "{D25D8CD7-FCDF-459E-964C-27A3462F3D0E}"
EndProject
Global
	GlobalSection(SolutionConfigurationPlatforms) = preSolution
		Debug|Any CPU = Debug|Any CPU
		Release|Any CPU = Release|Any CPU
	EndGlobalSection
	GlobalSection(ProjectConfigurationPlatforms) = postSolution
		{D25D8CD7-FCDF-459E-964C-27A3462F3D0E}.Debug|Any CPU.ActiveCfg = Debug|Any CPU
		{D25D8CD7-FCDF-459E-964C-27A3462F3D0E}.Debug|Any CPU.Build.0 = Debug|Any CPU
		{D25D8CD7-FCDF-459E-964C-27A3462F3D0E}.Release|Any CPU.ActiveCfg = Release|Any CPU
		{D25D8CD7-FCDF-459E-964C-27A3462F3D0E}.Release|Any CPU.Build.0 = Release|Any CPU
	EndGlobalSection
	GlobalSection(SolutionProperties) = preSolution
		HideSolutionNode = FALSE
	EndGlobalSection
	GlobalSection(ExtensibilityGlobals) = postSolution
		SolutionGuid = {14739ADD-153C-4304-9CD0-9D9168C1E6FF}
	EndGlobalSection
EndGlobal
